{
    "_readme": [
        "This file locks the dependencies of your project to a known state",
        "Read more about it at https://getcomposer.org/doc/01-basic-usage.md#installing-dependencies",
        "This file is @generated automatically"
    ],
    "content-hash": "a8349cd89346b386d706e62173391877",
    "packages": [
        {
            "name": "miladrahimi/phpcrypt",
            "version": "v4.0",
            "source": {
                "type": "git",
                "url": "https://github.com/miladrahimi/phpcrypt.git",
                "reference": "82cf113784edb79a3da24e33c3e327e4c9549583"
            },
            "dist": {
                "type": "zip",
                "url": "https://api.github.com/repos/miladrahimi/phpcrypt/zipball/82cf113784edb79a3da24e33c3e327e4c9549583",
                "reference": "82cf113784edb79a3da24e33c3e327e4c9549583",
                "shasum": ""
            },
            "require": {
                "ext-openssl": "*",
                "php": ">=7.1"
            },
            "require-dev": {
                "phpunit/phpunit": "7.*"
            },
            "type": "library",
            "autoload": {
                "psr-4": {
                    "MiladRahimi\\PhpCrypt\\": "src/",
                    "MiladRahimi\\PhpCrypt\\Tests\\": "tests/"
                }
            },
            "notification-url": "https://packagist.org/downloads/",
            "license": [
                "MIT"
            ],
            "authors": [
                {
                    "name": "Milad Rahimi",
                    "email": "info@miladrahimi.com",
                    "homepage": "http://miladrahimi.com",
                    "role": "Developer"
                }
            ],
            "description": "Encryption, decryption, and password hashing tools for PHP projects",
            "homepage": "http://miladrahimi.github.io",
            "keywords": [
                "aes",
                "asymmetric",
                "crypt",
                "cryptography",
                "decrypt",
                "encrypt",
                "hash",
                "openssl",
                "rsa",
                "symmetric"
            ],
            "time": "2020-01-14T10:37:13+00:00"
        }
    ],
    "packages-dev": [],
    "aliases": [],
    "minimum-stability": "stable",
    "stability-flags": [],
    "prefer-stable": false,
    "prefer-lowest": false,
    "platform": [],
    "platform-dev": []
}
